
Microsoft Visual Studio Solution File, Format Version 12.00
# Visual Studio Version 17
VisualStudioVersion = 17.0.31903.59
MinimumVisualStudioVersion = 10.0.40219.1
Project("{F2A71F9B-5D33-465A-A702-920D77279786}") = "tests", "tests\tests.fsproj", "{B9053F2F-86F9-4665-BAD9-C0FA29BA82F8}"
EndProject
Project("{F2A71F9B-5D33-465A-A702-920D77279786}") = "RoshamboDiscordBot", "src\RoshamboDiscordBot.fsproj", "{96DA1616-F2CE-4EEB-A4EB-AEF5A4C4ADBD}"
EndProject
Global
	GlobalSection(SolutionConfigurationPlatforms) = preSolution
		Debug|Any CPU = Debug|Any CPU
		Release|Any CPU = Release|Any CPU
	EndGlobalSection
	GlobalSection(SolutionProperties) = preSolution
		HideSolutionNode = FALSE
	EndGlobalSection
	GlobalSection(ProjectConfigurationPlatforms) = postSolution
		{31A39087-DF5B-4BAB-8633-D0960EF45213}.Debug|Any CPU.ActiveCfg = Debug|Any CPU
		{31A39087-DF5B-4BAB-8633-D0960EF45213}.Debug|Any CPU.Build.0 = Debug|Any CPU
		{31A39087-DF5B-4BAB-8633-D0960EF45213}.Release|Any CPU.ActiveCfg = Release|Any CPU
		{31A39087-DF5B-4BAB-8633-D0960EF45213}.Release|Any CPU.Build.0 = Release|Any CPU
		{B9053F2F-86F9-4665-BAD9-C0FA29BA82F8}.Debug|Any CPU.ActiveCfg = Debug|Any CPU
		{B9053F2F-86F9-4665-BAD9-C0FA29BA82F8}.Debug|Any CPU.Build.0 = Debug|Any CPU
		{B9053F2F-86F9-4665-BAD9-C0FA29BA82F8}.Release|Any CPU.ActiveCfg = Release|Any CPU
		{B9053F2F-86F9-4665-BAD9-C0FA29BA82F8}.Release|Any CPU.Build.0 = Release|Any CPU
		{96DA1616-F2CE-4EEB-A4EB-AEF5A4C4ADBD}.Debug|Any CPU.ActiveCfg = Debug|Any CPU
		{96DA1616-F2CE-4EEB-A4EB-AEF5A4C4ADBD}.Debug|Any CPU.Build.0 = Debug|Any CPU
		{96DA1616-F2CE-4EEB-A4EB-AEF5A4C4ADBD}.Release|Any CPU.ActiveCfg = Release|Any CPU
		{96DA1616-F2CE-4EEB-A4EB-AEF5A4C4ADBD}.Release|Any CPU.Build.0 = Release|Any CPU
	EndGlobalSection
EndGlobal
